<?xml version="1.0" encoding="utf-8"?>
<Project ToolsVersion="4.0" xmlns="http://schemas.microsoft.com/developer/msbuild/2003">
  <ItemGroup>
    <ClCompile Include="pch.cpp" />
    <ClCompile Include="LogManager.cpp">
      <Filter>Log</Filter>
    </ClCompile>
    <ClCompile Include="NetworkBuffer.cpp">
      <Filter>Network</Filter>
    </ClCompile>
    <ClCompile Include="NetworkSession.cpp">
      <Filter>Network</Filter>
    </ClCompile>
    <ClCompile Include="PocoTimeUtil.cpp">
      <Filter>Util</Filter>
    </ClCompile>
    <ClCompile Include="SocketUtil.cpp">
      <Filter>Util</Filter>
    </ClCompile>
    <ClCompile Include="RegisteredBufferPool.cpp">
      <Filter>Memory</Filter>
    </ClCompile>
    <ClCompile Include="ObjectPool.cpp">
      <Filter>Memory</Filter>
    </ClCompile>
    <ClCompile Include="IocpHandler.cpp">
      <Filter>Iocp</Filter>
    </ClCompile>
    <ClCompile Include="IocpContext.cpp">
      <Filter>Iocp</Filter>
    </ClCompile>
    <ClCompile Include="ThreadManager.cpp">
      <Filter>Thread</Filter>
    </ClCompile>
    <ClCompile Include="ThreadLocal.cpp">
      <Filter>Thread</Filter>
    </ClCompile>
    <ClCompile Include="Service.cpp">
      <Filter>Service</Filter>
    </ClCompile>
    <ClCompile Include="Packet.cpp">
      <Filter>Packet</Filter>
    </ClCompile>
    <ClCompile Include="PacketChunk.cpp">
      <Filter>Packet</Filter>
    </ClCompile>
    <ClCompile Include="PacketManager.cpp">
      <Filter>Packet</Filter>
    </ClCompile>
    <ClCompile Include="Listener.cpp">
      <Filter>Network</Filter>
    </ClCompile>
    <ClCompile Include="PacketSession.cpp">
      <Filter>Network</Filter>
    </ClCompile>
    <ClCompile Include="ConnectService.cpp">
      <Filter>Service</Filter>
    </ClCompile>
    <ClCompile Include="ListenerService.cpp">
      <Filter>Service</Filter>
    </ClCompile>
    <ClCompile Include="Job.cpp">
      <Filter>Job</Filter>
    </ClCompile>
    <ClCompile Include="JobQueue.cpp">
      <Filter>Job</Filter>
    </ClCompile>
    <ClCompile Include="JobTimer.cpp">
      <Filter>Job</Filter>
    </ClCompile>
    <ClCompile Include="DBHandler.cpp">
      <Filter>Database</Filter>
    </ClCompile>
    <ClCompile Include="DBLoadBalancer.cpp">
      <Filter>Database</Filter>
    </ClCompile>
    <ClCompile Include="DBService.cpp">
      <Filter>Database</Filter>
    </ClCompile>
    <ClCompile Include="PacketHandler.cpp">
      <Filter>Packet</Filter>
    </ClCompile>
    <ClCompile Include="GlobalQueue.cpp">
      <Filter>Job</Filter>
    </ClCompile>
  </ItemGroup>
  <ItemGroup>
    <ClInclude Include="pch.h" />
    <ClInclude Include="LogManager.h">
      <Filter>Log</Filter>
    </ClInclude>
    <ClInclude Include="LogMacro.h">
      <Filter>Log</Filter>
    </ClInclude>
    <ClInclude Include="NetworkBuffer.h">
      <Filter>Network</Filter>
    </ClInclude>
    <ClInclude Include="NetworkSession.h">
      <Filter>Network</Filter>
    </ClInclude>
    <ClInclude Include="PocoTimeUtil.h">
      <Filter>Util</Filter>
    </ClInclude>
    <ClInclude Include="RefSingleton.h">
      <Filter>Util</Filter>
    </ClInclude>
    <ClInclude Include="SocketUtil.h">
      <Filter>Util</Filter>
    </ClInclude>
    <ClInclude Include="RegisteredBufferPool.h">
      <Filter>Memory</Filter>
    </ClInclude>
    <ClInclude Include="ObjectPool.h">
      <Filter>Memory</Filter>
    </ClInclude>
    <ClInclude Include="IocpHandler.h">
      <Filter>Iocp</Filter>
    </ClInclude>
    <ClInclude Include="IocpContext.h">
      <Filter>Iocp</Filter>
    </ClInclude>
    <ClInclude Include="ThreadManager.h">
      <Filter>Thread</Filter>
    </ClInclude>
    <ClInclude Include="ThreadLocal.h">
      <Filter>Thread</Filter>
    </ClInclude>
    <ClInclude Include="Service.h">
      <Filter>Service</Filter>
    </ClInclude>
    <ClInclude Include="Packet.h">
      <Filter>Packet</Filter>
    </ClInclude>
    <ClInclude Include="PacketChunk.h">
      <Filter>Packet</Filter>
    </ClInclude>
    <ClInclude Include="PacketManager.h">
      <Filter>Packet</Filter>
    </ClInclude>
    <ClInclude Include="Listener.h">
      <Filter>Network</Filter>
    </ClInclude>
    <ClInclude Include="PacketSession.h">
      <Filter>Network</Filter>
    </ClInclude>
    <ClInclude Include="ConnectService.h">
      <Filter>Service</Filter>
    </ClInclude>
    <ClInclude Include="ListenerService.h">
      <Filter>Service</Filter>
    </ClInclude>
    <ClInclude Include="Job.h">
      <Filter>Job</Filter>
    </ClInclude>
    <ClInclude Include="JobQueue.h">
      <Filter>Job</Filter>
    </ClInclude>
    <ClInclude Include="JobTimer.h">
      <Filter>Job</Filter>
    </ClInclude>
    <ClInclude Include="DBHandler.h">
      <Filter>Database</Filter>
    </ClInclude>
    <ClInclude Include="DBLoadBalancer.h">
      <Filter>Database</Filter>
    </ClInclude>
    <ClInclude Include="DBService.h">
      <Filter>Database</Filter>
    </ClInclude>
    <ClInclude Include="PacketHandler.h">
      <Filter>Packet</Filter>
    </ClInclude>
    <ClInclude Include="GlobalQueue.h">
      <Filter>Job</Filter>
    </ClInclude>
  </ItemGroup>
  <ItemGroup>
    <Filter Include="Log">
      <UniqueIdentifier>{831330e5-da60-4e9c-888b-d9ff0cac5c49}</UniqueIdentifier>
    </Filter>
    <Filter Include="Network">
      <UniqueIdentifier>{9e5f06d9-9376-4a8c-8060-931cfdc08d00}</UniqueIdentifier>
    </Filter>
    <Filter Include="Util">
      <UniqueIdentifier>{5bc4679a-3b58-400a-ac3f-5a951f35a3c0}</UniqueIdentifier>
    </Filter>
    <Filter Include="Memory">
      <UniqueIdentifier>{8d1d9f2f-1412-43c0-a023-36a015dfc4c7}</UniqueIdentifier>
    </Filter>
    <Filter Include="Iocp">
      <UniqueIdentifier>{bc88b4e9-d1da-4089-a5dd-9809a1806972}</UniqueIdentifier>
    </Filter>
    <Filter Include="Thread">
      <UniqueIdentifier>{d91ef7fd-332a-46ab-9eab-ca703590dbef}</UniqueIdentifier>
    </Filter>
    <Filter Include="Service">
      <UniqueIdentifier>{60eff290-acf8-443c-a7e7-8d99583c8ebb}</UniqueIdentifier>
    </Filter>
    <Filter Include="Packet">
      <UniqueIdentifier>{c4e8869e-f2f7-4d8f-8d3f-19711332a5c9}</UniqueIdentifier>
    </Filter>
    <Filter Include="Database">
      <UniqueIdentifier>{ca03c6ab-6919-45c7-93b4-95294c0595b9}</UniqueIdentifier>
    </Filter>
    <Filter Include="Job">
      <UniqueIdentifier>{2ebb67e0-996c-4a03-b449-0e45fede9689}</UniqueIdentifier>
    </Filter>
  </ItemGroup>
</Project>