<?xml version="1.0" encoding="utf-8"?>
<Project ToolsVersion="4.0" xmlns="http://schemas.microsoft.com/developer/msbuild/2003">
  <ItemGroup>
    <Filter Include="Network">
      <UniqueIdentifier>{63294a44-e9cd-4029-9c34-6059e4f0ff98}</UniqueIdentifier>
    </Filter>
    <Filter Include="Util">
      <UniqueIdentifier>{e2ce5ae2-fbf6-40b7-ad88-b2026b3d9356}</UniqueIdentifier>
    </Filter>
    <Filter Include="Log">
      <UniqueIdentifier>{a2ee31e3-c610-4ab8-9526-2626353cd8fd}</UniqueIdentifier>
    </Filter>
    <Filter Include="Session">
      <UniqueIdentifier>{4af92a0f-28b5-4923-9baa-37dc8bb48b74}</UniqueIdentifier>
    </Filter>
    <Filter Include="Memory">
      <UniqueIdentifier>{450ebc00-c045-4ac9-b888-6f95b7b49a9b}</UniqueIdentifier>
    </Filter>
    <Filter Include="Utils">
      <UniqueIdentifier>{295e8a21-f008-4e03-b39f-13cd65d170b0}</UniqueIdentifier>
    </Filter>
  </ItemGroup>
  <ItemGroup>
    <ClCompile Include="IocpContext.cpp">
      <Filter>Network</Filter>
    </ClCompile>
    <ClCompile Include="IocpHandler.cpp">
      <Filter>Network</Filter>
    </ClCompile>
    <ClCompile Include="PocoTimeUtil.cpp">
      <Filter>Util</Filter>
    </ClCompile>
    <ClCompile Include="LogManager.cpp">
      <Filter>Log</Filter>
    </ClCompile>
    <ClCompile Include="NetworkSession.cpp">
      <Filter>Session</Filter>
    </ClCompile>
    <ClCompile Include="ObjectPool.cpp">
      <Filter>Memory</Filter>
    </ClCompile>
    <ClCompile Include="Service.cpp">
      <Filter>Network</Filter>
    </ClCompile>
    <ClCompile Include="SocketUtil.cpp">
      <Filter>Utils</Filter>
    </ClCompile>
    <ClCompile Include="NetworkBuffer.cpp">
      <Filter>Memory</Filter>
    </ClCompile>
    <ClCompile Include="NetworkSession.cpp">
      <Filter>Network</Filter>
    <ClCompile Include="RegisteredBufferPool.cpp">
      <Filter>소스 파일</Filter>
    </ClCompile>
    <ClCompile Include="pch.cpp" />
  </ItemGroup>
  <ItemGroup>
    <ClInclude Include="IocpHandler.h">
      <Filter>Network</Filter>
    </ClInclude>
    <ClInclude Include="IocpContext.h">
      <Filter>Network</Filter>
    </ClInclude>
    <ClInclude Include="PocoTimeUtil.h">
      <Filter>Util</Filter>
    </ClInclude>
    <ClInclude Include="LogManager.h">
      <Filter>Log</Filter>
    </ClInclude>
    <ClInclude Include="ObjectPool.h">
      <Filter>Util</Filter>
    </ClInclude>
    <ClInclude Include="NetworkSession.h">
      <Filter>Network</Filter>
    </ClInclude>
    <ClInclude Include="NetworkSession.h">
      <Filter>Session</Filter>
    </ClInclude>
    <ClInclude Include="ObjectPool.h">
      <Filter>Memory</Filter>
    </ClInclude>
    <ClInclude Include="RefSingleton.h">
      <Filter>Util</Filter>
      <Filter>Utils</Filter>
    </ClInclude>
    <ClInclude Include="Service.h">
      <Filter>Network</Filter>
    </ClInclude>
    <ClInclude Include="SocketUtil.h">
      <Filter>Utils</Filter>
    </ClInclude>
    <ClInclude Include="pch.h" />
    <ClInclude Include="LogMacro.h">
      <Filter>Log</Filter>
    <ClInclude Include="NetworkBuffer.h">
      <Filter>Memory</Filter>
    </ClInclude>
    <ClInclude Include="RegisteredBufferPool.h" />
  </ItemGroup>
</Project>