<?xml version="1.0" encoding="utf-8"?>
<Project ToolsVersion="4.0" xmlns="http://schemas.microsoft.com/developer/msbuild/2003">
  <ItemGroup>
    <Filter Include="Packet">
      <UniqueIdentifier>{ab444937-f571-4ee8-945a-656812a5ea77}</UniqueIdentifier>
    </Filter>
    <Filter Include="Client">
      <UniqueIdentifier>{59e7f660-42c4-4a5f-a173-574188435408}</UniqueIdentifier>
    </Filter>
    <Filter Include="ServerApp">
      <UniqueIdentifier>{836051e3-8bba-48dc-9c40-36e741a3a586}</UniqueIdentifier>
    </Filter>
    <Filter Include="Packet\Protobuff">
      <UniqueIdentifier>{382e53fc-45cc-4bd5-91ee-fe3dfedd2f6d}</UniqueIdentifier>
    </Filter>
    <Filter Include="GameDB">
      <UniqueIdentifier>{6e6d7151-5a44-454b-9320-f1de5978ba05}</UniqueIdentifier>
    </Filter>
    <Filter Include="Chat">
      <UniqueIdentifier>{12e0d69d-92b8-4bb3-8ad0-245d6bb89ecb}</UniqueIdentifier>
    </Filter>
  </ItemGroup>
  <ItemGroup>
    <ClCompile Include="ServerPch.cpp" />
    <ClCompile Include="main.cpp" />
    <ClCompile Include="ClientSession.cpp">
      <Filter>Client</Filter>
    </ClCompile>
    <ClCompile Include="ServerApp.cpp">
      <Filter>ServerApp</Filter>
    </ClCompile>
    <ClCompile Include="ClientPacketHandler.cpp">
      <Filter>Packet</Filter>
    </ClCompile>
    <ClCompile Include="Protocol.pb.cc">
      <Filter>Packet\Protobuff</Filter>
    </ClCompile>
    <ClCompile Include="SharedEnum.pb.cc">
      <Filter>Packet\Protobuff</Filter>
    </ClCompile>
    <ClCompile Include="SharedStruct.pb.cc">
      <Filter>Packet\Protobuff</Filter>
    </ClCompile>
    <ClCompile Include="ClientSessionManager.cpp">
      <Filter>Client</Filter>
    </ClCompile>
    <ClCompile Include="GameDBHandler.cpp">
      <Filter>GameDB</Filter>
    </ClCompile>
    <ClCompile Include="GameDBLoadBalancer.cpp">
      <Filter>GameDB</Filter>
    </ClCompile>
    <ClCompile Include="ChatRoomManager.cpp">
      <Filter>Chat</Filter>
    </ClCompile>
    <ClCompile Include="ChatRoom.cpp">
      <Filter>Chat</Filter>
    </ClCompile>
  </ItemGroup>
  <ItemGroup>
    <ClInclude Include="ServerPch.h" />
    <ClInclude Include="ClientSession.h">
      <Filter>Client</Filter>
    </ClInclude>
    <ClInclude Include="ServerApp.h">
      <Filter>ServerApp</Filter>
    </ClInclude>
    <ClInclude Include="ClientPacketHandler.h">
      <Filter>Packet</Filter>
    </ClInclude>
    <ClInclude Include="Protocol.pb.h">
      <Filter>Packet\Protobuff</Filter>
    </ClInclude>
    <ClInclude Include="SharedEnum.pb.h">
      <Filter>Packet\Protobuff</Filter>
    </ClInclude>
    <ClInclude Include="SharedStruct.pb.h">
      <Filter>Packet\Protobuff</Filter>
    </ClInclude>
    <ClInclude Include="ClientSessionManager.h">
      <Filter>Client</Filter>
    </ClInclude>
    <ClInclude Include="GameDBData.h">
      <Filter>GameDB</Filter>
    </ClInclude>
    <ClInclude Include="GameDBHandler.h">
      <Filter>GameDB</Filter>
    </ClInclude>
    <ClInclude Include="GameDBLoadBalancer.h">
      <Filter>GameDB</Filter>
    </ClInclude>
    <ClInclude Include="ChatRoomManager.h">
      <Filter>Chat</Filter>
    </ClInclude>
    <ClInclude Include="ChatRoom.h">
      <Filter>Chat</Filter>
    </ClInclude>
  </ItemGroup>
  <ItemGroup>
    <None Include="SharedEnum.proto">
      <Filter>Packet\Protobuff</Filter>
    </None>
    <None Include="ParseProto.bat">
      <Filter>Packet\Protobuff</Filter>
    </None>
    <None Include="Protocol.proto">
      <Filter>Packet\Protobuff</Filter>
    </None>
    <None Include="SharedStruct.proto">
      <Filter>Packet\Protobuff</Filter>
    </None>
    <None Include="ServerConfig.json" />
  </ItemGroup>
</Project>